
Microsoft Visual Studio Solution File, Format Version 11.00
# Visual Studio 2010
Project("{FAE04EC0-301F-11D3-BF4B-00C04F79EFBC}") = "VuforiaScripts", "VuforiaScripts.csproj", "{55DE3C2C-1FEB-0AA7-84EF-964A96943E98}"
EndProject
Project("{FAE04EC0-301F-11D3-BF4B-00C04F79EFBC}") = "VuforiaEditorScripts", "VuforiaEditorScripts.csproj", "{B97C0F32-6529-C479-3DAD-FD0B8F9708AB}"
EndProject
Global
	GlobalSection(SolutionConfigurationPlatforms) = preSolution
		Debug|Any CPU = Debug|Any CPU
		Release|Any CPU = Release|Any CPU
	EndGlobalSection
	GlobalSection(ProjectConfigurationPlatforms) = postSolution
		{55DE3C2C-1FEB-0AA7-84EF-964A96943E98}.Debug|Any CPU.ActiveCfg = Debug|Any CPU
		{55DE3C2C-1FEB-0AA7-84EF-964A96943E98}.Debug|Any CPU.Build.0 = Debug|Any CPU
		{55DE3C2C-1FEB-0AA7-84EF-964A96943E98}.Release|Any CPU.ActiveCfg = Release|Any CPU
		{55DE3C2C-1FEB-0AA7-84EF-964A96943E98}.Release|Any CPU.Build.0 = Release|Any CPU
		{B97C0F32-6529-C479-3DAD-FD0B8F9708AB}.Debug|Any CPU.ActiveCfg = Debug|Any CPU
		{B97C0F32-6529-C479-3DAD-FD0B8F9708AB}.Debug|Any CPU.Build.0 = Debug|Any CPU
		{B97C0F32-6529-C479-3DAD-FD0B8F9708AB}.Release|Any CPU.ActiveCfg = Release|Any CPU
		{B97C0F32-6529-C479-3DAD-FD0B8F9708AB}.Release|Any CPU.Build.0 = Release|Any CPU
	EndGlobalSection
	GlobalSection(SolutionProperties) = preSolution
		HideSolutionNode = FALSE
	EndGlobalSection
	GlobalSection(MonoDevelopProperties) = preSolution
		StartupItem = Assembly-CSharp.csproj
	EndGlobalSection
EndGlobal
